
Microsoft Visual Studio Solution File, Format Version 12.00
# Visual Studio 15
VisualStudioVersion = 15.0.28010.2036
MinimumVisualStudioVersion = 10.0.40219.1
Project("{FAE04EC0-301F-11D3-BF4B-00C04F79EFBC}") = "App_Calc.Android", "App_Calc\App_Calc.Android\App_Calc.Android.csproj", "{614B49B9-7A97-4422-AFBF-681118BE5A62}"
EndProject
Project("{FAE04EC0-301F-11D3-BF4B-00C04F79EFBC}") = "App_Calc.iOS", "App_Calc\App_Calc.iOS\App_Calc.iOS.csproj", "{394BE7BC-C3C4-4E93-A8D9-D67644BE0744}"
EndProject
Project("{FAE04EC0-301F-11D3-BF4B-00C04F79EFBC}") = "App_Calc", "App_Calc\App_Calc\App_Calc.csproj", "{B8FB0C12-E68C-4DA1-BADB-53433CCD7B99}"
EndProject
Project("{FAE04EC0-301F-11D3-BF4B-00C04F79EFBC}") = "App_Calc.Domain", "App_Calc.Domain\App_Calc.Domain.csproj", "{1794E19F-A75B-4EF0-94B7-77897463239C}"
EndProject
Project("{2150E333-8FDC-42A3-9474-1A3956D46DE8}") = "0 - Presentation", "0 - Presentation", "{858DA548-E463-45AA-96FB-8D3C4DBDF3C5}"
EndProject
Project("{2150E333-8FDC-42A3-9474-1A3956D46DE8}") = "1 - Domain", "1 - Domain", "{014AD86D-260E-4429-8FC4-64AAB070D676}"
EndProject
Global
	GlobalSection(SolutionConfigurationPlatforms) = preSolution
		Ad-Hoc|Any CPU = Ad-Hoc|Any CPU
		Ad-Hoc|iPhone = Ad-Hoc|iPhone
		Ad-Hoc|iPhoneSimulator = Ad-Hoc|iPhoneSimulator
		AppStore|Any CPU = AppStore|Any CPU
		AppStore|iPhone = AppStore|iPhone
		AppStore|iPhoneSimulator = AppStore|iPhoneSimulator
		Debug|Any CPU = Debug|Any CPU
		Debug|iPhone = Debug|iPhone
		Debug|iPhoneSimulator = Debug|iPhoneSimulator
		Release|Any CPU = Release|Any CPU
		Release|iPhone = Release|iPhone
		Release|iPhoneSimulator = Release|iPhoneSimulator
	EndGlobalSection
	GlobalSection(ProjectConfigurationPlatforms) = postSolution
		{614B49B9-7A97-4422-AFBF-681118BE5A62}.Ad-Hoc|Any CPU.ActiveCfg = Release|Any CPU
		{614B49B9-7A97-4422-AFBF-681118BE5A62}.Ad-Hoc|Any CPU.Build.0 = Release|Any CPU
		{614B49B9-7A97-4422-AFBF-681118BE5A62}.Ad-Hoc|Any CPU.Deploy.0 = Release|Any CPU
		{614B49B9-7A97-4422-AFBF-681118BE5A62}.Ad-Hoc|iPhone.ActiveCfg = Release|Any CPU
		{614B49B9-7A97-4422-AFBF-681118BE5A62}.Ad-Hoc|iPhone.Build.0 = Release|Any CPU
		{614B49B9-7A97-4422-AFBF-681118BE5A62}.Ad-Hoc|iPhone.Deploy.0 = Release|Any CPU
		{614B49B9-7A97-4422-AFBF-681118BE5A62}.Ad-Hoc|iPhoneSimulator.ActiveCfg = Release|Any CPU
		{614B49B9-7A97-4422-AFBF-681118BE5A62}.Ad-Hoc|iPhoneSimulator.Build.0 = Release|Any CPU
		{614B49B9-7A97-4422-AFBF-681118BE5A62}.Ad-Hoc|iPhoneSimulator.Deploy.0 = Release|Any CPU
		{614B49B9-7A97-4422-AFBF-681118BE5A62}.AppStore|Any CPU.ActiveCfg = Release|Any CPU
		{614B49B9-7A97-4422-AFBF-681118BE5A62}.AppStore|Any CPU.Build.0 = Release|Any CPU
		{614B49B9-7A97-4422-AFBF-681118BE5A62}.AppStore|Any CPU.Deploy.0 = Release|Any CPU
		{614B49B9-7A97-4422-AFBF-681118BE5A62}.AppStore|iPhone.ActiveCfg = Release|Any CPU
		{614B49B9-7A97-4422-AFBF-681118BE5A62}.AppStore|iPhone.Build.0 = Release|Any CPU
		{614B49B9-7A97-4422-AFBF-681118BE5A62}.AppStore|iPhone.Deploy.0 = Release|Any CPU
		{614B49B9-7A97-4422-AFBF-681118BE5A62}.AppStore|iPhoneSimulator.ActiveCfg = Release|Any CPU
		{614B49B9-7A97-4422-AFBF-681118BE5A62}.AppStore|iPhoneSimulator.Build.0 = Release|Any CPU
		{614B49B9-7A97-4422-AFBF-681118BE5A62}.AppStore|iPhoneSimulator.Deploy.0 = Release|Any CPU
		{614B49B9-7A97-4422-AFBF-681118BE5A62}.Debug|Any CPU.ActiveCfg = Debug|Any CPU
		{614B49B9-7A97-4422-AFBF-681118BE5A62}.Debug|Any CPU.Build.0 = Debug|Any CPU
		{614B49B9-7A97-4422-AFBF-681118BE5A62}.Debug|Any CPU.Deploy.0 = Debug|Any CPU
		{614B49B9-7A97-4422-AFBF-681118BE5A62}.Debug|iPhone.ActiveCfg = Debug|Any CPU
		{614B49B9-7A97-4422-AFBF-681118BE5A62}.Debug|iPhone.Build.0 = Debug|Any CPU
		{614B49B9-7A97-4422-AFBF-681118BE5A62}.Debug|iPhone.Deploy.0 = Debug|Any CPU
		{614B49B9-7A97-4422-AFBF-681118BE5A62}.Debug|iPhoneSimulator.ActiveCfg = Debug|Any CPU
		{614B49B9-7A97-4422-AFBF-681118BE5A62}.Debug|iPhoneSimulator.Build.0 = Debug|Any CPU
		{614B49B9-7A97-4422-AFBF-681118BE5A62}.Debug|iPhoneSimulator.Deploy.0 = Debug|Any CPU
		{614B49B9-7A97-4422-AFBF-681118BE5A62}.Release|Any CPU.ActiveCfg = Release|Any CPU
		{614B49B9-7A97-4422-AFBF-681118BE5A62}.Release|Any CPU.Build.0 = Release|Any CPU
		{614B49B9-7A97-4422-AFBF-681118BE5A62}.Release|Any CPU.Deploy.0 = Release|Any CPU
		{614B49B9-7A97-4422-AFBF-681118BE5A62}.Release|iPhone.ActiveCfg = Release|Any CPU
		{614B49B9-7A97-4422-AFBF-681118BE5A62}.Release|iPhone.Build.0 = Release|Any CPU
		{614B49B9-7A97-4422-AFBF-681118BE5A62}.Release|iPhone.Deploy.0 = Release|Any CPU
		{614B49B9-7A97-4422-AFBF-681118BE5A62}.Release|iPhoneSimulator.ActiveCfg = Release|Any CPU
		{614B49B9-7A97-4422-AFBF-681118BE5A62}.Release|iPhoneSimulator.Build.0 = Release|Any CPU
		{614B49B9-7A97-4422-AFBF-681118BE5A62}.Release|iPhoneSimulator.Deploy.0 = Release|Any CPU
		{394BE7BC-C3C4-4E93-A8D9-D67644BE0744}.Ad-Hoc|Any CPU.ActiveCfg = Ad-Hoc|iPhone
		{394BE7BC-C3C4-4E93-A8D9-D67644BE0744}.Ad-Hoc|Any CPU.Build.0 = Ad-Hoc|iPhone
		{394BE7BC-C3C4-4E93-A8D9-D67644BE0744}.Ad-Hoc|Any CPU.Deploy.0 = Ad-Hoc|iPhone
		{394BE7BC-C3C4-4E93-A8D9-D67644BE0744}.Ad-Hoc|iPhone.ActiveCfg = Ad-Hoc|iPhone
		{394BE7BC-C3C4-4E93-A8D9-D67644BE0744}.Ad-Hoc|iPhone.Build.0 = Ad-Hoc|iPhone
		{394BE7BC-C3C4-4E93-A8D9-D67644BE0744}.Ad-Hoc|iPhone.Deploy.0 = Ad-Hoc|iPhone
		{394BE7BC-C3C4-4E93-A8D9-D67644BE0744}.Ad-Hoc|iPhoneSimulator.ActiveCfg = Ad-Hoc|iPhoneSimulator
		{394BE7BC-C3C4-4E93-A8D9-D67644BE0744}.Ad-Hoc|iPhoneSimulator.Build.0 = Ad-Hoc|iPhoneSimulator
		{394BE7BC-C3C4-4E93-A8D9-D67644BE0744}.Ad-Hoc|iPhoneSimulator.Deploy.0 = Ad-Hoc|iPhoneSimulator
		{394BE7BC-C3C4-4E93-A8D9-D67644BE0744}.AppStore|Any CPU.ActiveCfg = AppStore|iPhone
		{394BE7BC-C3C4-4E93-A8D9-D67644BE0744}.AppStore|Any CPU.Build.0 = AppStore|iPhone
		{394BE7BC-C3C4-4E93-A8D9-D67644BE0744}.AppStore|Any CPU.Deploy.0 = AppStore|iPhone
		{394BE7BC-C3C4-4E93-A8D9-D67644BE0744}.AppStore|iPhone.ActiveCfg = AppStore|iPhone
		{394BE7BC-C3C4-4E93-A8D9-D67644BE0744}.AppStore|iPhone.Build.0 = AppStore|iPhone
		{394BE7BC-C3C4-4E93-A8D9-D67644BE0744}.AppStore|iPhone.Deploy.0 = AppStore|iPhone
		{394BE7BC-C3C4-4E93-A8D9-D67644BE0744}.AppStore|iPhoneSimulator.ActiveCfg = AppStore|iPhoneSimulator
		{394BE7BC-C3C4-4E93-A8D9-D67644BE0744}.AppStore|iPhoneSimulator.Build.0 = AppStore|iPhoneSimulator
		{394BE7BC-C3C4-4E93-A8D9-D67644BE0744}.AppStore|iPhoneSimulator.Deploy.0 = AppStore|iPhoneSimulator
		{394BE7BC-C3C4-4E93-A8D9-D67644BE0744}.Debug|Any CPU.ActiveCfg = Debug|iPhoneSimulator
		{394BE7BC-C3C4-4E93-A8D9-D67644BE0744}.Debug|Any CPU.Build.0 = Debug|iPhoneSimulator
		{394BE7BC-C3C4-4E93-A8D9-D67644BE0744}.Debug|Any CPU.Deploy.0 = Debug|iPhoneSimulator
		{394BE7BC-C3C4-4E93-A8D9-D67644BE0744}.Debug|iPhone.ActiveCfg = Debug|iPhone
		{394BE7BC-C3C4-4E93-A8D9-D67644BE0744}.Debug|iPhone.Build.0 = Debug|iPhone
		{394BE7BC-C3C4-4E93-A8D9-D67644BE0744}.Debug|iPhone.Deploy.0 = Debug|iPhone
		{394BE7BC-C3C4-4E93-A8D9-D67644BE0744}.Debug|iPhoneSimulator.ActiveCfg = Debug|iPhoneSimulator
		{394BE7BC-C3C4-4E93-A8D9-D67644BE0744}.Debug|iPhoneSimulator.Build.0 = Debug|iPhoneSimulator
		{394BE7BC-C3C4-4E93-A8D9-D67644BE0744}.Debug|iPhoneSimulator.Deploy.0 = Debug|iPhoneSimulator
		{394BE7BC-C3C4-4E93-A8D9-D67644BE0744}.Release|Any CPU.ActiveCfg = Release|iPhone
		{394BE7BC-C3C4-4E93-A8D9-D67644BE0744}.Release|Any CPU.Build.0 = Release|iPhone
		{394BE7BC-C3C4-4E93-A8D9-D67644BE0744}.Release|Any CPU.Deploy.0 = Release|iPhone
		{394BE7BC-C3C4-4E93-A8D9-D67644BE0744}.Release|iPhone.ActiveCfg = Release|iPhone
		{394BE7BC-C3C4-4E93-A8D9-D67644BE0744}.Release|iPhone.Build.0 = Release|iPhone
		{394BE7BC-C3C4-4E93-A8D9-D67644BE0744}.Release|iPhone.Deploy.0 = Release|iPhone
		{394BE7BC-C3C4-4E93-A8D9-D67644BE0744}.Release|iPhoneSimulator.ActiveCfg = Release|iPhoneSimulator
		{394BE7BC-C3C4-4E93-A8D9-D67644BE0744}.Release|iPhoneSimulator.Build.0 = Release|iPhoneSimulator
		{394BE7BC-C3C4-4E93-A8D9-D67644BE0744}.Release|iPhoneSimulator.Deploy.0 = Release|iPhoneSimulator
		{B8FB0C12-E68C-4DA1-BADB-53433CCD7B99}.Ad-Hoc|Any CPU.ActiveCfg = Debug|Any CPU
		{B8FB0C12-E68C-4DA1-BADB-53433CCD7B99}.Ad-Hoc|Any CPU.Build.0 = Debug|Any CPU
		{B8FB0C12-E68C-4DA1-BADB-53433CCD7B99}.Ad-Hoc|Any CPU.Deploy.0 = Debug|Any CPU
		{B8FB0C12-E68C-4DA1-BADB-53433CCD7B99}.Ad-Hoc|iPhone.ActiveCfg = Debug|Any CPU
		{B8FB0C12-E68C-4DA1-BADB-53433CCD7B99}.Ad-Hoc|iPhone.Build.0 = Debug|Any CPU
		{B8FB0C12-E68C-4DA1-BADB-53433CCD7B99}.Ad-Hoc|iPhone.Deploy.0 = Debug|Any CPU
		{B8FB0C12-E68C-4DA1-BADB-53433CCD7B99}.Ad-Hoc|iPhoneSimulator.ActiveCfg = Debug|Any CPU
		{B8FB0C12-E68C-4DA1-BADB-53433CCD7B99}.Ad-Hoc|iPhoneSimulator.Build.0 = Debug|Any CPU
		{B8FB0C12-E68C-4DA1-BADB-53433CCD7B99}.Ad-Hoc|iPhoneSimulator.Deploy.0 = Debug|Any CPU
		{B8FB0C12-E68C-4DA1-BADB-53433CCD7B99}.AppStore|Any CPU.ActiveCfg = Debug|Any CPU
		{B8FB0C12-E68C-4DA1-BADB-53433CCD7B99}.AppStore|Any CPU.Build.0 = Debug|Any CPU
		{B8FB0C12-E68C-4DA1-BADB-53433CCD7B99}.AppStore|Any CPU.Deploy.0 = Debug|Any CPU
		{B8FB0C12-E68C-4DA1-BADB-53433CCD7B99}.AppStore|iPhone.ActiveCfg = Debug|Any CPU
		{B8FB0C12-E68C-4DA1-BADB-53433CCD7B99}.AppStore|iPhone.Build.0 = Debug|Any CPU
		{B8FB0C12-E68C-4DA1-BADB-53433CCD7B99}.AppStore|iPhone.Deploy.0 = Debug|Any CPU
		{B8FB0C12-E68C-4DA1-BADB-53433CCD7B99}.AppStore|iPhoneSimulator.ActiveCfg = Debug|Any CPU
		{B8FB0C12-E68C-4DA1-BADB-53433CCD7B99}.AppStore|iPhoneSimulator.Build.0 = Debug|Any CPU
		{B8FB0C12-E68C-4DA1-BADB-53433CCD7B99}.AppStore|iPhoneSimulator.Deploy.0 = Debug|Any CPU
		{B8FB0C12-E68C-4DA1-BADB-53433CCD7B99}.Debug|Any CPU.ActiveCfg = Debug|Any CPU
		{B8FB0C12-E68C-4DA1-BADB-53433CCD7B99}.Debug|Any CPU.Build.0 = Debug|Any CPU
		{B8FB0C12-E68C-4DA1-BADB-53433CCD7B99}.Debug|Any CPU.Deploy.0 = Debug|Any CPU
		{B8FB0C12-E68C-4DA1-BADB-53433CCD7B99}.Debug|iPhone.ActiveCfg = Debug|Any CPU
		{B8FB0C12-E68C-4DA1-BADB-53433CCD7B99}.Debug|iPhone.Build.0 = Debug|Any CPU
		{B8FB0C12-E68C-4DA1-BADB-53433CCD7B99}.Debug|iPhone.Deploy.0 = Debug|Any CPU
		{B8FB0C12-E68C-4DA1-BADB-53433CCD7B99}.Debug|iPhoneSimulator.ActiveCfg = Debug|Any CPU
		{B8FB0C12-E68C-4DA1-BADB-53433CCD7B99}.Debug|iPhoneSimulator.Build.0 = Debug|Any CPU
		{B8FB0C12-E68C-4DA1-BADB-53433CCD7B99}.Debug|iPhoneSimulator.Deploy.0 = Debug|Any CPU
		{B8FB0C12-E68C-4DA1-BADB-53433CCD7B99}.Release|Any CPU.ActiveCfg = Release|Any CPU
		{B8FB0C12-E68C-4DA1-BADB-53433CCD7B99}.Release|Any CPU.Build.0 = Release|Any CPU
		{B8FB0C12-E68C-4DA1-BADB-53433CCD7B99}.Release|Any CPU.Deploy.0 = Release|Any CPU
		{B8FB0C12-E68C-4DA1-BADB-53433CCD7B99}.Release|iPhone.ActiveCfg = Release|Any CPU
		{B8FB0C12-E68C-4DA1-BADB-53433CCD7B99}.Release|iPhone.Build.0 = Release|Any CPU
		{B8FB0C12-E68C-4DA1-BADB-53433CCD7B99}.Release|iPhone.Deploy.0 = Release|Any CPU
		{B8FB0C12-E68C-4DA1-BADB-53433CCD7B99}.Release|iPhoneSimulator.ActiveCfg = Release|Any CPU
		{B8FB0C12-E68C-4DA1-BADB-53433CCD7B99}.Release|iPhoneSimulator.Build.0 = Release|Any CPU
		{B8FB0C12-E68C-4DA1-BADB-53433CCD7B99}.Release|iPhoneSimulator.Deploy.0 = Release|Any CPU
		{1794E19F-A75B-4EF0-94B7-77897463239C}.Ad-Hoc|Any CPU.ActiveCfg = Debug|Any CPU
		{1794E19F-A75B-4EF0-94B7-77897463239C}.Ad-Hoc|Any CPU.Build.0 = Debug|Any CPU
		{1794E19F-A75B-4EF0-94B7-77897463239C}.Ad-Hoc|iPhone.ActiveCfg = Debug|Any CPU
		{1794E19F-A75B-4EF0-94B7-77897463239C}.Ad-Hoc|iPhone.Build.0 = Debug|Any CPU
		{1794E19F-A75B-4EF0-94B7-77897463239C}.Ad-Hoc|iPhoneSimulator.ActiveCfg = Debug|Any CPU
		{1794E19F-A75B-4EF0-94B7-77897463239C}.Ad-Hoc|iPhoneSimulator.Build.0 = Debug|Any CPU
		{1794E19F-A75B-4EF0-94B7-77897463239C}.AppStore|Any CPU.ActiveCfg = Debug|Any CPU
		{1794E19F-A75B-4EF0-94B7-77897463239C}.AppStore|Any CPU.Build.0 = Debug|Any CPU
		{1794E19F-A75B-4EF0-94B7-77897463239C}.AppStore|iPhone.ActiveCfg = Debug|Any CPU
		{1794E19F-A75B-4EF0-94B7-77897463239C}.AppStore|iPhone.Build.0 = Debug|Any CPU
		{1794E19F-A75B-4EF0-94B7-77897463239C}.AppStore|iPhoneSimulator.ActiveCfg = Debug|Any CPU
		{1794E19F-A75B-4EF0-94B7-77897463239C}.AppStore|iPhoneSimulator.Build.0 = Debug|Any CPU
		{1794E19F-A75B-4EF0-94B7-77897463239C}.Debug|Any CPU.ActiveCfg = Debug|Any CPU
		{1794E19F-A75B-4EF0-94B7-77897463239C}.Debug|Any CPU.Build.0 = Debug|Any CPU
		{1794E19F-A75B-4EF0-94B7-77897463239C}.Debug|iPhone.ActiveCfg = Debug|Any CPU
		{1794E19F-A75B-4EF0-94B7-77897463239C}.Debug|iPhone.Build.0 = Debug|Any CPU
		{1794E19F-A75B-4EF0-94B7-77897463239C}.Debug|iPhoneSimulator.ActiveCfg = Debug|Any CPU
		{1794E19F-A75B-4EF0-94B7-77897463239C}.Debug|iPhoneSimulator.Build.0 = Debug|Any CPU
		{1794E19F-A75B-4EF0-94B7-77897463239C}.Release|Any CPU.ActiveCfg = Release|Any CPU
		{1794E19F-A75B-4EF0-94B7-77897463239C}.Release|Any CPU.Build.0 = Release|Any CPU
		{1794E19F-A75B-4EF0-94B7-77897463239C}.Release|iPhone.ActiveCfg = Release|Any CPU
		{1794E19F-A75B-4EF0-94B7-77897463239C}.Release|iPhone.Build.0 = Release|Any CPU
		{1794E19F-A75B-4EF0-94B7-77897463239C}.Release|iPhoneSimulator.ActiveCfg = Release|Any CPU
		{1794E19F-A75B-4EF0-94B7-77897463239C}.Release|iPhoneSimulator.Build.0 = Release|Any CPU
	EndGlobalSection
	GlobalSection(SolutionProperties) = preSolution
		HideSolutionNode = FALSE
	EndGlobalSection
	GlobalSection(NestedProjects) = preSolution
		{614B49B9-7A97-4422-AFBF-681118BE5A62} = {858DA548-E463-45AA-96FB-8D3C4DBDF3C5}
		{394BE7BC-C3C4-4E93-A8D9-D67644BE0744} = {858DA548-E463-45AA-96FB-8D3C4DBDF3C5}
		{B8FB0C12-E68C-4DA1-BADB-53433CCD7B99} = {858DA548-E463-45AA-96FB-8D3C4DBDF3C5}
		{1794E19F-A75B-4EF0-94B7-77897463239C} = {014AD86D-260E-4429-8FC4-64AAB070D676}
	EndGlobalSection
	GlobalSection(ExtensibilityGlobals) = postSolution
		SolutionGuid = {06E5A968-B144-4CA1-89EC-9874EE63D2A6}
	EndGlobalSection
EndGlobal
